
Microsoft Visual Studio Solution File, Format Version 12.00
# Visual Studio Version 17
VisualStudioVersion = 17.12.35527.113 d17.12
MinimumVisualStudioVersion = 10.0.40219.1
Project("{FAE04EC0-301F-11D3-BF4B-00C04F79EFBC}") = "ContainsDuplicate", "ContainsDuplicate\ContainsDuplicate.csproj", "{AD908B66-52A2-40BE-A098-44D57305E264}"
EndProject
Global
	GlobalSection(SolutionConfigurationPlatforms) = preSolution
		Debug|Any CPU = Debug|Any CPU
		Release|Any CPU = Release|Any CPU
	EndGlobalSection
	GlobalSection(ProjectConfigurationPlatforms) = postSolution
		{AD908B66-52A2-40BE-A098-44D57305E264}.Debug|Any CPU.ActiveCfg = Debug|Any CPU
		{AD908B66-52A2-40BE-A098-44D57305E264}.Debug|Any CPU.Build.0 = Debug|Any CPU
		{AD908B66-52A2-40BE-A098-44D57305E264}.Release|Any CPU.ActiveCfg = Release|Any CPU
		{AD908B66-52A2-40BE-A098-44D57305E264}.Release|Any CPU.Build.0 = Release|Any CPU
	EndGlobalSection
	GlobalSection(SolutionProperties) = preSolution
		HideSolutionNode = FALSE
	EndGlobalSection
EndGlobal
